// !$*UTF8*$!
{
	archiveVersion = 1;
	classes = {
	};
	objectVersion = 46;
	objects = {

/* Begin PBXBuildFile section */
		0657454719D1E5E900D1B0DB /* AppDelegate.swift in Sources */ = {isa = PBXBuildFile; fileRef = 0657454619D1E5E900D1B0DB /* AppDelegate.swift */; };
		0657454919D1E5E900D1B0DB /* ViewController.swift in Sources */ = {isa = PBXBuildFile; fileRef = 0657454819D1E5E900D1B0DB /* ViewController.swift */; };
		0657454C19D1E5E900D1B0DB /* Main.storyboard in Resources */ = {isa = PBXBuildFile; fileRef = 0657454A19D1E5E900D1B0DB /* Main.storyboard */; };
		0657454E19D1E5E900D1B0DB /* Images.xcassets in Resources */ = {isa = PBXBuildFile; fileRef = 0657454D19D1E5E900D1B0DB /* Images.xcassets */; };
		0657455119D1E5E900D1B0DB /* LaunchScreen.xib in Resources */ = {isa = PBXBuildFile; fileRef = 0657454F19D1E5E900D1B0DB /* LaunchScreen.xib */; };
		0657455D19D1E5E900D1B0DB /* Simple_UITableViewTests.swift in Sources */ = {isa = PBXBuildFile; fileRef = 0657455C19D1E5E900D1B0DB /* Simple_UITableViewTests.swift */; };
/* End PBXBuildFile section */

/* Begin PBXContainerItemProxy section */
		0657455719D1E5E900D1B0DB /* PBXContainerItemProxy */ = {
			isa = PBXContainerItemProxy;
			containerPortal = 0657453919D1E5E900D1B0DB /* Project object */;
			proxyType = 1;
			remoteGlobalIDString = 0657454019D1E5E900D1B0DB;
			remoteInfo = "Simple UITableView";
		};
/* End PBXContainerItemProxy section */

/* Begin PBXFileReference section */
		0657454119D1E5E900D1B0DB /* Simple UITableView.app */ = {isa = PBXFileReference; explicitFileType = wrapper.application; includeInIndex = 0; path = "Simple UITableView.app"; sourceTree = BUILT_PRODUCTS_DIR; };
		0657454519D1E5E900D1B0DB /* Info.plist */ = {isa = PBXFileReference; lastKnownFileType = text.plist.xml; path = Info.plist; sourceTree = "<group>"; };
		0657454619D1E5E900D1B0DB /* AppDelegate.swift */ = {isa = PBXFileReference; lastKnownFileType = sourcecode.swift; path = AppDelegate.swift; sourceTree = "<group>"; };
		0657454819D1E5E900D1B0DB /* ViewController.swift */ = {isa = PBXFileReference; lastKnownFileType = sourcecode.swift; path = ViewController.swift; sourceTree = "<group>"; };
		0657454B19D1E5E900D1B0DB /* Base */ = {isa = PBXFileReference; lastKnownFileType = file.storyboard; name = Base; path = Base.lproj/Main.storyboard; sourceTree = "<group>"; };
		0657454D19D1E5E900D1B0DB /* Images.xcassets */ = {isa = PBXFileReference; lastKnownFileType = folder.assetcatalog; path = Images.xcassets; sourceTree = "<group>"; };
		0657455019D1E5E900D1B0DB /* Base */ = {isa = PBXFileReference; lastKnownFileType = file.xib; name = Base; path = Base.lproj/LaunchScreen.xib; sourceTree = "<group>"; };
		0657455619D1E5E900D1B0DB /* Simple UITableViewTests.xctest */ = {isa = PBXFileReference; explicitFileType = wrapper.cfbundle; includeInIndex = 0; path = "Simple UITableViewTests.xctest"; sourceTree = BUILT_PRODUCTS_DIR; };
		0657455B19D1E5E900D1B0DB /* Info.plist */ = {isa = PBXFileReference; lastKnownFileType = text.plist.xml; path = Info.plist; sourceTree = "<group>"; };
		0657455C19D1E5E900D1B0DB /* Simple_UITableViewTests.swift */ = {isa = PBXFileReference; lastKnownFileType = sourcecode.swift; path = Simple_UITableViewTests.swift; sourceTree = "<group>"; };
/* End PBXFileReference section */

/* Begin PBXFrameworksBuildPhase section */
		0657453E19D1E5E900D1B0DB /* Frameworks */ = {
			isa = PBXFrameworksBuildPhase;
			buildActionMask = 2147483647;
			files = (
			);
			runOnlyForDeploymentPostprocessing = 0;
		};
		0657455319D1E5E900D1B0DB /* Frameworks */ = {
			isa = PBXFrameworksBuildPhase;
			buildActionMask = 2147483647;
			files = (
			);
			runOnlyForDeploymentPostprocessing = 0;
		};
/* End PBXFrameworksBuildPhase section */

/* Begin PBXGroup section */
		0657453819D1E5E900D1B0DB = {
			isa = PBXGroup;
			children = (
				0657454319D1E5E900D1B0DB /* Simple UITableView */,
				0657455919D1E5E900D1B0DB /* Simple UITableViewTests */,
				0657454219D1E5E900D1B0DB /* Products */,
			);
			sourceTree = "<group>";
		};
		0657454219D1E5E900D1B0DB /* Products */ = {
			isa = PBXGroup;
			children = (
				0657454119D1E5E900D1B0DB /* Simple UITableView.app */,
				0657455619D1E5E900D1B0DB /* Simple UITableViewTests.xctest */,
			);
			name = Products;
			sourceTree = "<group>";
		};
		0657454319D1E5E900D1B0DB /* Simple UITableView */ = {
			isa = PBXGroup;
			children = (
				0657454619D1E5E900D1B0DB /* AppDelegate.swift */,
				0657454819D1E5E900D1B0DB /* ViewController.swift */,
				0657454A19D1E5E900D1B0DB /* Main.storyboard */,
				0657454D19D1E5E900D1B0DB /* Images.xcassets */,
				0657454F19D1E5E900D1B0DB /* LaunchScreen.xib */,
				0657454419D1E5E900D1B0DB /* Supporting Files */,
			);
			path = "Simple UITableView";
			sourceTree = "<group>";
		};
		0657454419D1E5E900D1B0DB /* Supporting Files */ = {
			isa = PBXGroup;
			children = (
				0657454519D1E5E900D1B0DB /* Info.plist */,
			);
			name = "Supporting Files";
			sourceTree = "<group>";
		};
		0657455919D1E5E900D1B0DB /* Simple UITableViewTests */ = {
			isa = PBXGroup;
			children = (
				0657455C19D1E5E900D1B0DB /* Simple_UITableViewTests.swift */,
				0657455A19D1E5E900D1B0DB /* Supporting Files */,
			);
			path = "Simple UITableViewTests";
			sourceTree = "<group>";
		};
		0657455A19D1E5E900D1B0DB /* Supporting Files */ = {
			isa = PBXGroup;
			children = (
				0657455B19D1E5E900D1B0DB /* Info.plist */,
			);
			name = "Supporting Files";
			sourceTree = "<group>";
		};
/* End PBXGroup section */

/* Begin PBXNativeTarget section */
		0657454019D1E5E900D1B0DB /* Simple UITableView */ = {
			isa = PBXNativeTarget;
			buildConfigurationList = 0657456019D1E5E900D1B0DB /* Build configuration list for PBXNativeTarget "Simple UITableView" */;
			buildPhases = (
				0657453D19D1E5E900D1B0DB /* Sources */,
				0657453E19D1E5E900D1B0DB /* Frameworks */,
				0657453F19D1E5E900D1B0DB /* Resources */,
			);
			buildRules = (
			);
			dependencies = (
			);
			name = "Simple UITableView";
			productName = "Simple UITableView";
			productReference = 0657454119D1E5E900D1B0DB /* Simple UITableView.app */;
			productType = "com.apple.product-type.application";
		};
		0657455519D1E5E900D1B0DB /* Simple UITableViewTests */ = {
			isa = PBXNativeTarget;
			buildConfigurationList = 0657456319D1E5E900D1B0DB /* Build configuration list for PBXNativeTarget "Simple UITableViewTests" */;
			buildPhases = (
				0657455219D1E5E900D1B0DB /* Sources */,
				0657455319D1E5E900D1B0DB /* Frameworks */,
				0657455419D1E5E900D1B0DB /* Resources */,
			);
			buildRules = (
			);
			dependencies = (
				0657455819D1E5E900D1B0DB /* PBXTargetDependency */,
			);
			name = "Simple UITableViewTests";
			productName = "Simple UITableViewTests";
			productReference = 0657455619D1E5E900D1B0DB /* Simple UITableViewTests.xctest */;
			productType = "com.apple.product-type.bundle.unit-test";
		};
/* End PBXNativeTarget section */

/* Begin PBXProject section */
		0657453919D1E5E900D1B0DB /* Project object */ = {
			isa = PBXProject;
			attributes = {
				LastUpgradeCheck = 0610;
				ORGANIZATIONNAME = AntiHaus;
				TargetAttributes = {
					0657454019D1E5E900D1B0DB = {
						CreatedOnToolsVersion = 6.1;
					};
					0657455519D1E5E900D1B0DB = {
						CreatedOnToolsVersion = 6.1;
						TestTargetID = 0657454019D1E5E900D1B0DB;
					};
				};
			};
			buildConfigurationList = 0657453C19D1E5E900D1B0DB /* Build configuration list for PBXProject "Simple UITableView" */;
			compatibilityVersion = "Xcode 3.2";
			developmentRegion = English;
			hasScannedForEncodings = 0;
			knownRegions = (
				en,
				Base,
			);
			mainGroup = 0657453819D1E5E900D1B0DB;
			productRefGroup = 0657454219D1E5E900D1B0DB /* Products */;
			projectDirPath = "";
			projectRoot = "";
			targets = (
				0657454019D1E5E900D1B0DB /* Simple UITableView */,
				0657455519D1E5E900D1B0DB /* Simple UITableViewTests */,
			);
		};
/* End PBXProject section */

/* Begin PBXResourcesBuildPhase section */
		0657453F19D1E5E900D1B0DB /* Resources */ = {
			isa = PBXResourcesBuildPhase;
			buildActionMask = 2147483647;
			files = (
				0657454C19D1E5E900D1B0DB /* Main.storyboard in Resources */,
				0657455119D1E5E900D1B0DB /* LaunchScreen.xib in Resources */,
				0657454E19D1E5E900D1B0DB /* Images.xcassets in Resources */,
			);
			runOnlyForDeploymentPostprocessing = 0;
		};
		0657455419D1E5E900D1B0DB /* Resources */ = {
			isa = PBXResourcesBuildPhase;
			buildActionMask = 2147483647;
			files = (
			);
			runOnlyForDeploymentPostprocessing = 0;
		};
/* End PBXResourcesBuildPhase section */

/* Begin PBXSourcesBuildPhase section */
		0657453D19D1E5E900D1B0DB /* Sources */ = {
			isa = PBXSourcesBuildPhase;
			buildActionMask = 2147483647;
			files = (
				0657454919D1E5E900D1B0DB /* ViewController.swift in Sources */,
				0657454719D1E5E900D1B0DB /* AppDelegate.swift in Sources */,
			);
			runOnlyForDeploymentPostprocessing = 0;
		};
		0657455219D1E5E900D1B0DB /* Sources */ = {
			isa = PBXSourcesBuildPhase;
			buildActionMask = 2147483647;
			files = (
				0657455D19D1E5E900D1B0DB /* Simple_UITableViewTests.swift in Sources */,
			);
			runOnlyForDeploymentPostprocessing = 0;
		};
/* End PBXSourcesBuildPhase section */

/* Begin PBXTargetDependency section */
		0657455819D1E5E900D1B0DB /* PBXTargetDependency */ = {
			isa = PBXTargetDependency;
			target = 0657454019D1E5E900D1B0DB /* Simple UITableView */;
			targetProxy = 0657455719D1E5E900D1B0DB /* PBXContainerItemProxy */;
		};
/* End PBXTargetDependency section */

/* Begin PBXVariantGroup section */
		0657454A19D1E5E900D1B0DB /* Main.storyboard */ = {
			isa = PBXVariantGroup;
			children = (
				0657454B19D1E5E900D1B0DB /* Base */,
			);
			name = Main.storyboard;
			sourceTree = "<group>";
		};
		0657454F19D1E5E900D1B0DB /* LaunchScreen.xib */ = {
			isa = PBXVariantGroup;
			children = (
				0657455019D1E5E900D1B0DB /* Base */,
			);
			name = LaunchScreen.xib;
			sourceTree = "<group>";
		};
/* End PBXVariantGroup section */

/* Begin XCBuildConfiguration section */
		0657455E19D1E5E900D1B0DB /* Debug */ = {
			isa = XCBuildConfiguration;
			buildSettings = {
				ALWAYS_SEARCH_USER_PATHS = NO;
				CLANG_CXX_LANGUAGE_STANDARD = "gnu++0x";
				CLANG_CXX_LIBRARY = "libc++";
				CLANG_ENABLE_MODULES = YES;
				CLANG_ENABLE_OBJC_ARC = YES;
				CLANG_WARN_BOOL_CONVERSION = YES;
				CLANG_WARN_CONSTANT_CONVERSION = YES;
				CLANG_WARN_DIRECT_OBJC_ISA_USAGE = YES_ERROR;
				CLANG_WARN_EMPTY_BODY = YES;
				CLANG_WARN_ENUM_CONVERSION = YES;
				CLANG_WARN_INT_CONVERSION = YES;
				CLANG_WARN_OBJC_ROOT_CLASS = YES_ERROR;
				CLANG_WARN_UNREACHABLE_CODE = YES;
				CLANG_WARN__DUPLICATE_METHOD_MATCH = YES;
				"CODE_SIGN_IDENTITY[sdk=iphoneos*]" = "iPhone Developer";
				COPY_PHASE_STRIP = NO;
				ENABLE_STRICT_OBJC_MSGSEND = YES;
				GCC_C_LANGUAGE_STANDARD = gnu99;
				GCC_DYNAMIC_NO_PIC = NO;
				GCC_OPTIMIZATION_LEVEL = 0;
				GCC_PREPROCESSOR_DEFINITIONS = (
					"DEBUG=1",
					"$(inherited)",
				);
				GCC_SYMBOLS_PRIVATE_EXTERN = NO;
				GCC_WARN_64_TO_32_BIT_CONVERSION = YES;
				GCC_WARN_ABOUT_RETURN_TYPE = YES_ERROR;
				GCC_WARN_UNDECLARED_SELECTOR = YES;
				GCC_WARN_UNINITIALIZED_AUTOS = YES_AGGRESSIVE;
				GCC_WARN_UNUSED_FUNCTION = YES;
				GCC_WARN_UNUSED_VARIABLE = YES;
				IPHONEOS_DEPLOYMENT_TARGET = 8.0;
				MTL_ENABLE_DEBUG_INFO = YES;
				ONLY_ACTIVE_ARCH = YES;
				SDKROOT = iphoneos;
				SWIFT_OPTIMIZATION_LEVEL = "-Onone";
				TARGETED_DEVICE_FAMILY = "1,2";
			};
			name = Debug;
		};
		0657455F19D1E5E900D1B0DB /* Release */ = {
			isa = XCBuildConfiguration;
			buildSettings = {
				ALWAYS_SEARCH_USER_PATHS = NO;
				CLANG_CXX_LANGUAGE_STANDARD = "gnu++0x";
				CLANG_CXX_LIBRARY = "libc++";
				CLANG_ENABLE_MODULES = YES;
				CLANG_ENABLE_OBJC_ARC = YES;
				CLANG_WARN_BOOL_CONVERSION = YES;
				CLANG_WARN_CONSTANT_CONVERSION = YES;
				CLANG_WARN_DIRECT_OBJC_ISA_USAGE = YES_ERROR;
				CLANG_WARN_EMPTY_BODY = YES;
				CLANG_WARN_ENUM_CONVERSION = YES;
				CLANG_WARN_INT_CONVERSION = YES;
				CLANG_WARN_OBJC_ROOT_CLASS = YES_ERROR;
				CLANG_WARN_UNREACHABLE_CODE = YES;
				CLANG_WARN__DUPLICATE_METHOD_MATCH = YES;
				"CODE_SIGN_IDENTITY[sdk=iphoneos*]" = "iPhone Developer";
				COPY_PHASE_STRIP = YES;
				ENABLE_NS_ASSERTIONS = NO;
				ENABLE_STRICT_OBJC_MSGSEND = YES;
				GCC_C_LANGUAGE_STANDARD = gnu99;
				GCC_WARN_64_TO_32_BIT_CONVERSION = YES;
				GCC_WARN_ABOUT_RETURN_TYPE = YES_ERROR;
				GCC_WARN_UNDECLARED_SELECTOR = YES;
				GCC_WARN_UNINITIALIZED_AUTOS = YES_AGGRESSIVE;
				GCC_WARN_UNUSED_FUNCTION = YES;
				GCC_WARN_UNUSED_VARIABLE = YES;
				IPHONEOS_DEPLOYMENT_TARGET = 8.0;
				MTL_ENABLE_DEBUG_INFO = NO;
				SDKROOT = iphoneos;
				TARGETED_DEVICE_FAMILY = "1,2";
				VALIDATE_PRODUCT = YES;
			};
			name = Release;
		};
		0657456119D1E5E900D1B0DB /* Debug */ = {
			isa = XCBuildConfiguration;
			buildSettings = {
				ASSETCATALOG_COMPILER_APPICON_NAME = AppIcon;
				INFOPLIST_FILE = "Simple UITableView/Info.plist";
				LD_RUNPATH_SEARCH_PATHS = "$(inherited) @executable_path/Frameworks";
				PRODUCT_NAME = "$(TARGET_NAME)";
			};
			name = Debug;
		};
		0657456219D1E5E900D1B0DB /* Release */ = {
			isa = XCBuildConfiguration;
			buildSettings = {
				ASSETCATALOG_COMPILER_APPICON_NAME = AppIcon;
				INFOPLIST_FILE = "Simple UITableView/Info.plist";
				LD_RUNPATH_SEARCH_PATHS = "$(inherited) @executable_path/Frameworks";
				PRODUCT_NAME = "$(TARGET_NAME)";
			};
			name = Release;
		};
		0657456419D1E5E900D1B0DB /* Debug */ = {
			isa = XCBuildConfiguration;
			buildSettings = {
				BUNDLE_LOADER = "$(TEST_HOST)";
				FRAMEWORK_SEARCH_PATHS = (
					"$(SDKROOT)/Developer/Library/Frameworks",
					"$(inherited)",
				);
				GCC_PREPROCESSOR_DEFINITIONS = (
					"DEBUG=1",
					"$(inherited)",
				);
				INFOPLIST_FILE = "Simple UITableViewTests/Info.plist";
				LD_RUNPATH_SEARCH_PATHS = "$(inherited) @executable_path/Frameworks @loader_path/Frameworks";
				PRODUCT_NAME = "$(TARGET_NAME)";
				TEST_HOST = "$(BUILT_PRODUCTS_DIR)/Simple UITableView.app/Simple UITableView";
			};
			name = Debug;
		};
		0657456519D1E5E900D1B0DB /* Release */ = {
			isa = XCBuildConfiguration;
			buildSettings = {
				BUNDLE_LOADER = "$(TEST_HOST)";
				FRAMEWORK_SEARCH_PATHS = (
					"$(SDKROOT)/Developer/Library/Frameworks",
					"$(inherited)",
				);
				INFOPLIST_FILE = "Simple UITableViewTests/Info.plist";
				LD_RUNPATH_SEARCH_PATHS = "$(inherited) @executable_path/Frameworks @loader_path/Frameworks";
				PRODUCT_NAME = "$(TARGET_NAME)";
				TEST_HOST = "$(BUILT_PRODUCTS_DIR)/Simple UITableView.app/Simple UITableView";
			};
			name = Release;
		};
/* End XCBuildConfiguration section */

/* Begin XCConfigurationList section */
		0657453C19D1E5E900D1B0DB /* Build configuration list for PBXProject "Simple UITableView" */ = {
			isa = XCConfigurationList;
			buildConfigurations = (
				0657455E19D1E5E900D1B0DB /* Debug */,
				0657455F19D1E5E900D1B0DB /* Release */,
			);
			defaultConfigurationIsVisible = 0;
			defaultConfigurationName = Release;
		};
		0657456019D1E5E900D1B0DB /* Build configuration list for PBXNativeTarget "Simple UITableView" */ = {
			isa = XCConfigurationList;
			buildConfigurations = (
				0657456119D1E5E900D1B0DB /* Debug */,
				0657456219D1E5E900D1B0DB /* Release */,
			);
			defaultConfigurationIsVisible = 0;
		};
		0657456319D1E5E900D1B0DB /* Build configuration list for PBXNativeTarget "Simple UITableViewTests" */ = {
			isa = XCConfigurationList;
			buildConfigurations = (
				0657456419D1E5E900D1B0DB /* Debug */,
				0657456519D1E5E900D1B0DB /* Release */,
			);
			defaultConfigurationIsVisible = 0;
		};
/* End XCConfigurationList section */
	};
	rootObject = 0657453919D1E5E900D1B0DB /* Project object */;
}
